{
  "name": "testing",
  "version": "1.0.0",
  "lockfileVersion": 1,
  "requires": true,
  "dependencies": {
    "domes.js": {
      "version": "0.2.5",
      "resolved": "https://registry.npmjs.org/domes.js/-/domes.js-0.2.5.tgz",
      "integrity": "sha512-H+LKl1lrjZZ1W2N12RGqsA0GuTj2yC8BOAyGgPhaBqyDN+6hFDCotVWtkaHGAaMwXYUDGUUNo1B29iOwgn26zg=="
    }
  }
}
